// !$*UTF8*$!
{
	archiveVersion = 1;
	classes = {
	};
	objectVersion = 60;
	objects = {

/* Begin PBXBuildFile section */
		42228E0B2CDEA71B007D99D9 /* CreateAIDrawingView.swift in Sources */ = {isa = PBXBuildFile; fileRef = 42228E062CDEA71B007D99D9 /* CreateAIDrawingView.swift */; };
		42228E0D2CDEA71B007D99D9 /* PreExistingDrawingsView.swift in Sources */ = {isa = PBXBuildFile; fileRef = 42228E092CDEA71B007D99D9 /* PreExistingDrawingsView.swift */; };
		42228E0E2CDEA71B007D99D9 /* Home.swift in Sources */ = {isa = PBXBuildFile; fileRef = 42228E072CDEA71B007D99D9 /* Home.swift */; };
		42228E0F2CDEA71B007D99D9 /* ContentView.swift in Sources */ = {isa = PBXBuildFile; fileRef = 42228E042CDEA71B007D99D9 /* ContentView.swift */; };
		42228E102CDEA71B007D99D9 /* MyDrawingsView.swift in Sources */ = {isa = PBXBuildFile; fileRef = 42228E082CDEA71B007D99D9 /* MyDrawingsView.swift */; };
		426A6F042CDD2601007253AD /* LetsDrawApp.swift in Sources */ = {isa = PBXBuildFile; fileRef = 426A6F032CDD2601007253AD /* LetsDrawApp.swift */; };
		426A6F0A2CDD2603007253AD /* Assets.xcassets in Resources */ = {isa = PBXBuildFile; fileRef = 426A6F092CDD2603007253AD /* Assets.xcassets */; };
		426A6F0D2CDD2603007253AD /* Preview Assets.xcassets in Resources */ = {isa = PBXBuildFile; fileRef = 426A6F0C2CDD2603007253AD /* Preview Assets.xcassets */; };
/* End PBXBuildFile section */

/* Begin PBXFileReference section */
		42228E042CDEA71B007D99D9 /* ContentView.swift */ = {isa = PBXFileReference; lastKnownFileType = sourcecode.swift; path = ContentView.swift; sourceTree = "<group>"; };
		42228E062CDEA71B007D99D9 /* CreateAIDrawingView.swift */ = {isa = PBXFileReference; lastKnownFileType = sourcecode.swift; path = CreateAIDrawingView.swift; sourceTree = "<group>"; };
		42228E072CDEA71B007D99D9 /* Home.swift */ = {isa = PBXFileReference; lastKnownFileType = sourcecode.swift; path = Home.swift; sourceTree = "<group>"; };
		42228E082CDEA71B007D99D9 /* MyDrawingsView.swift */ = {isa = PBXFileReference; lastKnownFileType = sourcecode.swift; path = MyDrawingsView.swift; sourceTree = "<group>"; };
		42228E092CDEA71B007D99D9 /* PreExistingDrawingsView.swift */ = {isa = PBXFileReference; lastKnownFileType = sourcecode.swift; path = PreExistingDrawingsView.swift; sourceTree = "<group>"; };
		426A6F002CDD2601007253AD /* LetsDraw.app */ = {isa = PBXFileReference; explicitFileType = wrapper.application; includeInIndex = 0; path = LetsDraw.app; sourceTree = BUILT_PRODUCTS_DIR; };
		426A6F032CDD2601007253AD /* LetsDrawApp.swift */ = {isa = PBXFileReference; lastKnownFileType = sourcecode.swift; path = LetsDrawApp.swift; sourceTree = "<group>"; };
		426A6F092CDD2603007253AD /* Assets.xcassets */ = {isa = PBXFileReference; lastKnownFileType = folder.assetcatalog; path = Assets.xcassets; sourceTree = "<group>"; };
		426A6F0C2CDD2603007253AD /* Preview Assets.xcassets */ = {isa = PBXFileReference; lastKnownFileType = folder.assetcatalog; path = "Preview Assets.xcassets"; sourceTree = "<group>"; };
/* End PBXFileReference section */

/* Begin PBXFrameworksBuildPhase section */
		426A6EFD2CDD2601007253AD /* Frameworks */ = {
			isa = PBXFrameworksBuildPhase;
			buildActionMask = 2147483647;
			files = (
			);
			runOnlyForDeploymentPostprocessing = 0;
		};
/* End PBXFrameworksBuildPhase section */

/* Begin PBXGroup section */
		42228E0A2CDEA71B007D99D9 /* View */ = {
			isa = PBXGroup;
			children = (
				42228E062CDEA71B007D99D9 /* CreateAIDrawingView.swift */,
				42228E072CDEA71B007D99D9 /* Home.swift */,
				42228E082CDEA71B007D99D9 /* MyDrawingsView.swift */,
				42228E092CDEA71B007D99D9 /* PreExistingDrawingsView.swift */,
			);
			path = View;
			sourceTree = "<group>";
		};
		426A6EF72CDD2601007253AD = {
			isa = PBXGroup;
			children = (
				426A6F022CDD2601007253AD /* LetsDraw */,
				426A6F012CDD2601007253AD /* Products */,
			);
			sourceTree = "<group>";
		};
		426A6F012CDD2601007253AD /* Products */ = {
			isa = PBXGroup;
			children = (
				426A6F002CDD2601007253AD /* LetsDraw.app */,
			);
			name = Products;
			sourceTree = "<group>";
		};
		426A6F022CDD2601007253AD /* LetsDraw */ = {
			isa = PBXGroup;
			children = (
				42228E042CDEA71B007D99D9 /* ContentView.swift */,
				42228E0A2CDEA71B007D99D9 /* View */,
				426A6F032CDD2601007253AD /* LetsDrawApp.swift */,
				426A6F092CDD2603007253AD /* Assets.xcassets */,
				426A6F0B2CDD2603007253AD /* Preview Content */,
			);
			path = LetsDraw;
			sourceTree = "<group>";
		};
		426A6F0B2CDD2603007253AD /* Preview Content */ = {
			isa = PBXGroup;
			children = (
				426A6F0C2CDD2603007253AD /* Preview Assets.xcassets */,
			);
			path = "Preview Content";
			sourceTree = "<group>";
		};
/* End PBXGroup section */

/* Begin PBXNativeTarget section */
		426A6EFF2CDD2601007253AD /* LetsDraw */ = {
			isa = PBXNativeTarget;
			buildConfigurationList = 426A6F102CDD2603007253AD /* Build configuration list for PBXNativeTarget "LetsDraw" */;
			buildPhases = (
				426A6EFC2CDD2601007253AD /* Sources */,
				426A6EFD2CDD2601007253AD /* Frameworks */,
				426A6EFE2CDD2601007253AD /* Resources */,
			);
			buildRules = (
			);
			dependencies = (
			);
			name = LetsDraw;
			productName = LetsDraw;
			productReference = 426A6F002CDD2601007253AD /* LetsDraw.app */;
			productType = "com.apple.product-type.application";
		};
/* End PBXNativeTarget section */

/* Begin PBXProject section */
		426A6EF82CDD2601007253AD /* Project object */ = {
			isa = PBXProject;
			attributes = {
				BuildIndependentTargetsInParallel = 1;
				LastSwiftUpdateCheck = 1600;
				LastUpgradeCheck = 1600;
				TargetAttributes = {
					426A6EFF2CDD2601007253AD = {
						CreatedOnToolsVersion = 16.0;
					};
				};
			};
			buildConfigurationList = 426A6EFB2CDD2601007253AD /* Build configuration list for PBXProject "LetsDraw" */;
			compatibilityVersion = "Xcode 15.0";
			developmentRegion = en;
			hasScannedForEncodings = 0;
			knownRegions = (
				en,
				Base,
			);
			mainGroup = 426A6EF72CDD2601007253AD;
			productRefGroup = 426A6F012CDD2601007253AD /* Products */;
			projectDirPath = "";
			projectRoot = "";
			targets = (
				426A6EFF2CDD2601007253AD /* LetsDraw */,
			);
		};
/* End PBXProject section */

/* Begin PBXResourcesBuildPhase section */
		426A6EFE2CDD2601007253AD /* Resources */ = {
			isa = PBXResourcesBuildPhase;
			buildActionMask = 2147483647;
			files = (
				426A6F0D2CDD2603007253AD /* Preview Assets.xcassets in Resources */,
				426A6F0A2CDD2603007253AD /* Assets.xcassets in Resources */,
			);
			runOnlyForDeploymentPostprocessing = 0;
		};
/* End PBXResourcesBuildPhase section */

/* Begin PBXSourcesBuildPhase section */
		426A6EFC2CDD2601007253AD /* Sources */ = {
			isa = PBXSourcesBuildPhase;
			buildActionMask = 2147483647;
			files = (
				42228E0B2CDEA71B007D99D9 /* CreateAIDrawingView.swift in Sources */,
				42228E0D2CDEA71B007D99D9 /* PreExistingDrawingsView.swift in Sources */,
				42228E0E2CDEA71B007D99D9 /* Home.swift in Sources */,
				42228E0F2CDEA71B007D99D9 /* ContentView.swift in Sources */,
				42228E102CDEA71B007D99D9 /* MyDrawingsView.swift in Sources */,
				426A6F042CDD2601007253AD /* LetsDrawApp.swift in Sources */,
			);
			runOnlyForDeploymentPostprocessing = 0;
		};
/* End PBXSourcesBuildPhase section */

/* Begin XCBuildConfiguration section */
		426A6F0E2CDD2603007253AD /* Debug */ = {
			isa = XCBuildConfiguration;
			buildSettings = {
				ALWAYS_SEARCH_USER_PATHS = NO;
				ASSETCATALOG_COMPILER_GENERATE_SWIFT_ASSET_SYMBOL_EXTENSIONS = YES;
				CLANG_ANALYZER_NONNULL = YES;
				CLANG_ANALYZER_NUMBER_OBJECT_CONVERSION = YES_AGGRESSIVE;
				CLANG_CXX_LANGUAGE_STANDARD = "gnu++20";
				CLANG_ENABLE_MODULES = YES;
				CLANG_ENABLE_OBJC_ARC = YES;
				CLANG_ENABLE_OBJC_WEAK = YES;
				CLANG_WARN_BLOCK_CAPTURE_AUTORELEASING = YES;
				CLANG_WARN_BOOL_CONVERSION = YES;
				CLANG_WARN_COMMA = YES;
				CLANG_WARN_CONSTANT_CONVERSION = YES;
				CLANG_WARN_DEPRECATED_OBJC_IMPLEMENTATIONS = YES;
				CLANG_WARN_DIRECT_OBJC_ISA_USAGE = YES_ERROR;
				CLANG_WARN_DOCUMENTATION_COMMENTS = YES;
				CLANG_WARN_EMPTY_BODY = YES;
				CLANG_WARN_ENUM_CONVERSION = YES;
				CLANG_WARN_INFINITE_RECURSION = YES;
				CLANG_WARN_INT_CONVERSION = YES;
				CLANG_WARN_NON_LITERAL_NULL_CONVERSION = YES;
				CLANG_WARN_OBJC_IMPLICIT_RETAIN_SELF = YES;
				CLANG_WARN_OBJC_LITERAL_CONVERSION = YES;
				CLANG_WARN_OBJC_ROOT_CLASS = YES_ERROR;
				CLANG_WARN_QUOTED_INCLUDE_IN_FRAMEWORK_HEADER = YES;
				CLANG_WARN_RANGE_LOOP_ANALYSIS = YES;
				CLANG_WARN_STRICT_PROTOTYPES = YES;
				CLANG_WARN_SUSPICIOUS_MOVE = YES;
				CLANG_WARN_UNGUARDED_AVAILABILITY = YES_AGGRESSIVE;
				CLANG_WARN_UNREACHABLE_CODE = YES;
				CLANG_WARN__DUPLICATE_METHOD_MATCH = YES;
				COPY_PHASE_STRIP = NO;
				DEBUG_INFORMATION_FORMAT = dwarf;
				ENABLE_STRICT_OBJC_MSGSEND = YES;
				ENABLE_TESTABILITY = YES;
				ENABLE_USER_SCRIPT_SANDBOXING = YES;
				GCC_C_LANGUAGE_STANDARD = gnu17;
				GCC_DYNAMIC_NO_PIC = NO;
				GCC_NO_COMMON_BLOCKS = YES;
				GCC_OPTIMIZATION_LEVEL = 0;
				GCC_PREPROCESSOR_DEFINITIONS = (
					"DEBUG=1",
					"$(inherited)",
				);
				GCC_WARN_64_TO_32_BIT_CONVERSION = YES;
				GCC_WARN_ABOUT_RETURN_TYPE = YES_ERROR;
				GCC_WARN_UNDECLARED_SELECTOR = YES;
				GCC_WARN_UNINITIALIZED_AUTOS = YES_AGGRESSIVE;
				GCC_WARN_UNUSED_FUNCTION = YES;
				GCC_WARN_UNUSED_VARIABLE = YES;
				IPHONEOS_DEPLOYMENT_TARGET = 18.0;
				LOCALIZATION_PREFERS_STRING_CATALOGS = YES;
				MTL_ENABLE_DEBUG_INFO = INCLUDE_SOURCE;
				MTL_FAST_MATH = YES;
				ONLY_ACTIVE_ARCH = YES;
				SDKROOT = iphoneos;
				SWIFT_ACTIVE_COMPILATION_CONDITIONS = "DEBUG $(inherited)";
				SWIFT_OPTIMIZATION_LEVEL = "-Onone";
			};
			name = Debug;
		};
		426A6F0F2CDD2603007253AD /* Release */ = {
			isa = XCBuildConfiguration;
			buildSettings = {
				ALWAYS_SEARCH_USER_PATHS = NO;
				ASSETCATALOG_COMPILER_GENERATE_SWIFT_ASSET_SYMBOL_EXTENSIONS = YES;
				CLANG_ANALYZER_NONNULL = YES;
				CLANG_ANALYZER_NUMBER_OBJECT_CONVERSION = YES_AGGRESSIVE;
				CLANG_CXX_LANGUAGE_STANDARD = "gnu++20";
				CLANG_ENABLE_MODULES = YES;
				CLANG_ENABLE_OBJC_ARC = YES;
				CLANG_ENABLE_OBJC_WEAK = YES;
				CLANG_WARN_BLOCK_CAPTURE_AUTORELEASING = YES;
				CLANG_WARN_BOOL_CONVERSION = YES;
				CLANG_WARN_COMMA = YES;
				CLANG_WARN_CONSTANT_CONVERSION = YES;
				CLANG_WARN_DEPRECATED_OBJC_IMPLEMENTATIONS = YES;
				CLANG_WARN_DIRECT_OBJC_ISA_USAGE = YES_ERROR;
				CLANG_WARN_DOCUMENTATION_COMMENTS = YES;
				CLANG_WARN_EMPTY_BODY = YES;
				CLANG_WARN_ENUM_CONVERSION = YES;
				CLANG_WARN_INFINITE_RECURSION = YES;
				CLANG_WARN_INT_CONVERSION = YES;
				CLANG_WARN_NON_LITERAL_NULL_CONVERSION = YES;
				CLANG_WARN_OBJC_IMPLICIT_RETAIN_SELF = YES;
				CLANG_WARN_OBJC_LITERAL_CONVERSION = YES;
				CLANG_WARN_OBJC_ROOT_CLASS = YES_ERROR;
				CLANG_WARN_QUOTED_INCLUDE_IN_FRAMEWORK_HEADER = YES;
				CLANG_WARN_RANGE_LOOP_ANALYSIS = YES;
				CLANG_WARN_STRICT_PROTOTYPES = YES;
				CLANG_WARN_SUSPICIOUS_MOVE = YES;
				CLANG_WARN_UNGUARDED_AVAILABILITY = YES_AGGRESSIVE;
				CLANG_WARN_UNREACHABLE_CODE = YES;
				CLANG_WARN__DUPLICATE_METHOD_MATCH = YES;
				COPY_PHASE_STRIP = NO;
				DEBUG_INFORMATION_FORMAT = "dwarf-with-dsym";
				ENABLE_NS_ASSERTIONS = NO;
				ENABLE_STRICT_OBJC_MSGSEND = YES;
				ENABLE_USER_SCRIPT_SANDBOXING = YES;
				GCC_C_LANGUAGE_STANDARD = gnu17;
				GCC_NO_COMMON_BLOCKS = YES;
				GCC_WARN_64_TO_32_BIT_CONVERSION = YES;
				GCC_WARN_ABOUT_RETURN_TYPE = YES_ERROR;
				GCC_WARN_UNDECLARED_SELECTOR = YES;
				GCC_WARN_UNINITIALIZED_AUTOS = YES_AGGRESSIVE;
				GCC_WARN_UNUSED_FUNCTION = YES;
				GCC_WARN_UNUSED_VARIABLE = YES;
				IPHONEOS_DEPLOYMENT_TARGET = 18.0;
				LOCALIZATION_PREFERS_STRING_CATALOGS = YES;
				MTL_ENABLE_DEBUG_INFO = NO;
				MTL_FAST_MATH = YES;
				SDKROOT = iphoneos;
				SWIFT_COMPILATION_MODE = wholemodule;
				VALIDATE_PRODUCT = YES;
			};
			name = Release;
		};
		426A6F112CDD2603007253AD /* Debug */ = {
			isa = XCBuildConfiguration;
			buildSettings = {
				ASSETCATALOG_COMPILER_APPICON_NAME = AppIcon;
				ASSETCATALOG_COMPILER_GLOBAL_ACCENT_COLOR_NAME = AccentColor;
				CODE_SIGN_STYLE = Automatic;
				CURRENT_PROJECT_VERSION = 1;
				DEVELOPMENT_ASSET_PATHS = "\"LetsDraw/Preview Content\"";
				DEVELOPMENT_TEAM = 6988872SHM;
				ENABLE_PREVIEWS = YES;
				GENERATE_INFOPLIST_FILE = YES;
				INFOPLIST_KEY_UIApplicationSceneManifest_Generation = YES;
				INFOPLIST_KEY_UIApplicationSupportsIndirectInputEvents = YES;
				INFOPLIST_KEY_UILaunchScreen_Generation = YES;
				INFOPLIST_KEY_UISupportedInterfaceOrientations_iPad = "UIInterfaceOrientationPortrait UIInterfaceOrientationPortraitUpsideDown UIInterfaceOrientationLandscapeLeft UIInterfaceOrientationLandscapeRight";
				INFOPLIST_KEY_UISupportedInterfaceOrientations_iPhone = "UIInterfaceOrientationPortrait UIInterfaceOrientationLandscapeLeft UIInterfaceOrientationLandscapeRight";
				LD_RUNPATH_SEARCH_PATHS = (
					"$(inherited)",
					"@executable_path/Frameworks",
				);
				MARKETING_VERSION = 1.0;
				PRODUCT_BUNDLE_IDENTIFIER = com.aatmik.LetsDraw;
				PRODUCT_NAME = "$(TARGET_NAME)";
				SWIFT_EMIT_LOC_STRINGS = YES;
				SWIFT_VERSION = 5.0;
				TARGETED_DEVICE_FAMILY = "1,2";
			};
			name = Debug;
		};
		426A6F122CDD2603007253AD /* Release */ = {
			isa = XCBuildConfiguration;
			buildSettings = {
				ASSETCATALOG_COMPILER_APPICON_NAME = AppIcon;
				ASSETCATALOG_COMPILER_GLOBAL_ACCENT_COLOR_NAME = AccentColor;
				CODE_SIGN_STYLE = Automatic;
				CURRENT_PROJECT_VERSION = 1;
				DEVELOPMENT_ASSET_PATHS = "\"LetsDraw/Preview Content\"";
				DEVELOPMENT_TEAM = 6988872SHM;
				ENABLE_PREVIEWS = YES;
				GENERATE_INFOPLIST_FILE = YES;
				INFOPLIST_KEY_UIApplicationSceneManifest_Generation = YES;
				INFOPLIST_KEY_UIApplicationSupportsIndirectInputEvents = YES;
				INFOPLIST_KEY_UILaunchScreen_Generation = YES;
				INFOPLIST_KEY_UISupportedInterfaceOrientations_iPad = "UIInterfaceOrientationPortrait UIInterfaceOrientationPortraitUpsideDown UIInterfaceOrientationLandscapeLeft UIInterfaceOrientationLandscapeRight";
				INFOPLIST_KEY_UISupportedInterfaceOrientations_iPhone = "UIInterfaceOrientationPortrait UIInterfaceOrientationLandscapeLeft UIInterfaceOrientationLandscapeRight";
				LD_RUNPATH_SEARCH_PATHS = (
					"$(inherited)",
					"@executable_path/Frameworks",
				);
				MARKETING_VERSION = 1.0;
				PRODUCT_BUNDLE_IDENTIFIER = com.aatmik.LetsDraw;
				PRODUCT_NAME = "$(TARGET_NAME)";
				SWIFT_EMIT_LOC_STRINGS = YES;
				SWIFT_VERSION = 5.0;
				TARGETED_DEVICE_FAMILY = "1,2";
			};
			name = Release;
		};
/* End XCBuildConfiguration section */

/* Begin XCConfigurationList section */
		426A6EFB2CDD2601007253AD /* Build configuration list for PBXProject "LetsDraw" */ = {
			isa = XCConfigurationList;
			buildConfigurations = (
				426A6F0E2CDD2603007253AD /* Debug */,
				426A6F0F2CDD2603007253AD /* Release */,
			);
			defaultConfigurationIsVisible = 0;
			defaultConfigurationName = Release;
		};
		426A6F102CDD2603007253AD /* Build configuration list for PBXNativeTarget "LetsDraw" */ = {
			isa = XCConfigurationList;
			buildConfigurations = (
				426A6F112CDD2603007253AD /* Debug */,
				426A6F122CDD2603007253AD /* Release */,
			);
			defaultConfigurationIsVisible = 0;
			defaultConfigurationName = Release;
		};
/* End XCConfigurationList section */
	};
	rootObject = 426A6EF82CDD2601007253AD /* Project object */;
}
